
Microsoft Visual Studio Solution File, Format Version 12.00
# Visual Studio Version 16
VisualStudioVersion = 16.0.29025.244
MinimumVisualStudioVersion = 10.0.40219.1
Project("{FAE04EC0-301F-11D3-BF4B-00C04F79EFBC}") = "ContosoUniversity", "ContosoUniversity\ContosoUniversity.csproj", "{9932A65A-02C6-4866-8769-08DECA8FD0C2}"
EndProject
Project("{FAE04EC0-301F-11D3-BF4B-00C04F79EFBC}") = "ContosoUniversity.Tests", "ContosoUniversity.Tests\ContosoUniversity.Tests.csproj", "{09DDA630-6189-4EC0-A046-16D8BE1CC934}"
EndProject
Global
	GlobalSection(SolutionConfigurationPlatforms) = preSolution
		Debug|Any CPU = Debug|Any CPU
		Release|Any CPU = Release|Any CPU
	EndGlobalSection
	GlobalSection(ProjectConfigurationPlatforms) = postSolution
		{9932A65A-02C6-4866-8769-08DECA8FD0C2}.Debug|Any CPU.ActiveCfg = Debug|Any CPU
		{9932A65A-02C6-4866-8769-08DECA8FD0C2}.Debug|Any CPU.Build.0 = Debug|Any CPU
		{9932A65A-02C6-4866-8769-08DECA8FD0C2}.Release|Any CPU.ActiveCfg = Release|Any CPU
		{9932A65A-02C6-4866-8769-08DECA8FD0C2}.Release|Any CPU.Build.0 = Release|Any CPU
		{09DDA630-6189-4EC0-A046-16D8BE1CC934}.Debug|Any CPU.ActiveCfg = Debug|Any CPU
		{09DDA630-6189-4EC0-A046-16D8BE1CC934}.Debug|Any CPU.Build.0 = Debug|Any CPU
		{09DDA630-6189-4EC0-A046-16D8BE1CC934}.Release|Any CPU.ActiveCfg = Release|Any CPU
		{09DDA630-6189-4EC0-A046-16D8BE1CC934}.Release|Any CPU.Build.0 = Release|Any CPU
	EndGlobalSection
	GlobalSection(SolutionProperties) = preSolution
		HideSolutionNode = FALSE
	EndGlobalSection
	GlobalSection(ExtensibilityGlobals) = postSolution
		SolutionGuid = {DB56D7EA-033F-4698-AF82-D0E587DF416A}
	EndGlobalSection
EndGlobal
